
Microsoft Visual Studio Solution File, Format Version 12.00
# Visual Studio Version 17
VisualStudioVersion = 17.4.33403.182
MinimumVisualStudioVersion = 10.0.40219.1
Project("{9A19103F-16F7-4668-BE54-9A1E7A4F7556}") = "01File", "ArquivosDiretorios\01File.csproj", "{C69B2C20-D344-4CFF-8F9B-406511382724}"
EndProject
Project("{9A19103F-16F7-4668-BE54-9A1E7A4F7556}") = "02FileInfo1", "02FileInfo1\02FileInfo1.csproj", "{2DEA379B-02BC-40AA-B48B-E83F3C7C43C8}"
EndProject
Project("{9A19103F-16F7-4668-BE54-9A1E7A4F7556}") = "03Directory1", "03Directory1\03Directory1.csproj", "{84CAA2CA-D7BC-420D-B4DD-7D8060294B1A}"
EndProject
Project("{9A19103F-16F7-4668-BE54-9A1E7A4F7556}") = "04DirectoryInfo1", "04DirectoryInfo1\04DirectoryInfo1.csproj", "{337F00C3-9E74-4527-8544-125B4899918C}"
EndProject
Project("{9A19103F-16F7-4668-BE54-9A1E7A4F7556}") = "05Path1", "05Path1\05Path1.csproj", "{4479CF3C-B3A6-4D66-BB91-F18DBC49DC5B}"
EndProject
Project("{9A19103F-16F7-4668-BE54-9A1E7A4F7556}") = "06FileStream1", "06FileStream1\06FileStream1.csproj", "{B451A7A0-9438-49C7-B788-A8234F119ED1}"
EndProject
Project("{9A19103F-16F7-4668-BE54-9A1E7A4F7556}") = "07FileStreamBlocoUsing", "07FileStreamBlocoUsing\07FileStreamBlocoUsing.csproj", "{D63532A3-9EA9-4E39-BDB4-7B0CC95D60A9}"
EndProject
Project("{9A19103F-16F7-4668-BE54-9A1E7A4F7556}") = "08StreamExercicio", "08StreamExercicio\08StreamExercicio.csproj", "{262B5843-2EF1-4BD3-B8A6-5F2B82F84BB6}"
EndProject
Project("{FAE04EC0-301F-11D3-BF4B-00C04F79EFBC}") = "09StreamExercicionOtimizado", "09StreamExercicionOtimizado\09StreamExercicionOtimizado.csproj", "{A166F95D-4FD9-4955-B26C-94D9D37640DB}"
EndProject
Global
	GlobalSection(SolutionConfigurationPlatforms) = preSolution
		Debug|Any CPU = Debug|Any CPU
		Release|Any CPU = Release|Any CPU
	EndGlobalSection
	GlobalSection(ProjectConfigurationPlatforms) = postSolution
		{C69B2C20-D344-4CFF-8F9B-406511382724}.Debug|Any CPU.ActiveCfg = Debug|Any CPU
		{C69B2C20-D344-4CFF-8F9B-406511382724}.Debug|Any CPU.Build.0 = Debug|Any CPU
		{C69B2C20-D344-4CFF-8F9B-406511382724}.Release|Any CPU.ActiveCfg = Release|Any CPU
		{C69B2C20-D344-4CFF-8F9B-406511382724}.Release|Any CPU.Build.0 = Release|Any CPU
		{2DEA379B-02BC-40AA-B48B-E83F3C7C43C8}.Debug|Any CPU.ActiveCfg = Debug|Any CPU
		{2DEA379B-02BC-40AA-B48B-E83F3C7C43C8}.Debug|Any CPU.Build.0 = Debug|Any CPU
		{2DEA379B-02BC-40AA-B48B-E83F3C7C43C8}.Release|Any CPU.ActiveCfg = Release|Any CPU
		{2DEA379B-02BC-40AA-B48B-E83F3C7C43C8}.Release|Any CPU.Build.0 = Release|Any CPU
		{84CAA2CA-D7BC-420D-B4DD-7D8060294B1A}.Debug|Any CPU.ActiveCfg = Debug|Any CPU
		{84CAA2CA-D7BC-420D-B4DD-7D8060294B1A}.Debug|Any CPU.Build.0 = Debug|Any CPU
		{84CAA2CA-D7BC-420D-B4DD-7D8060294B1A}.Release|Any CPU.ActiveCfg = Release|Any CPU
		{84CAA2CA-D7BC-420D-B4DD-7D8060294B1A}.Release|Any CPU.Build.0 = Release|Any CPU
		{337F00C3-9E74-4527-8544-125B4899918C}.Debug|Any CPU.ActiveCfg = Debug|Any CPU
		{337F00C3-9E74-4527-8544-125B4899918C}.Debug|Any CPU.Build.0 = Debug|Any CPU
		{337F00C3-9E74-4527-8544-125B4899918C}.Release|Any CPU.ActiveCfg = Release|Any CPU
		{337F00C3-9E74-4527-8544-125B4899918C}.Release|Any CPU.Build.0 = Release|Any CPU
		{4479CF3C-B3A6-4D66-BB91-F18DBC49DC5B}.Debug|Any CPU.ActiveCfg = Debug|Any CPU
		{4479CF3C-B3A6-4D66-BB91-F18DBC49DC5B}.Debug|Any CPU.Build.0 = Debug|Any CPU
		{4479CF3C-B3A6-4D66-BB91-F18DBC49DC5B}.Release|Any CPU.ActiveCfg = Release|Any CPU
		{4479CF3C-B3A6-4D66-BB91-F18DBC49DC5B}.Release|Any CPU.Build.0 = Release|Any CPU
		{B451A7A0-9438-49C7-B788-A8234F119ED1}.Debug|Any CPU.ActiveCfg = Debug|Any CPU
		{B451A7A0-9438-49C7-B788-A8234F119ED1}.Debug|Any CPU.Build.0 = Debug|Any CPU
		{B451A7A0-9438-49C7-B788-A8234F119ED1}.Release|Any CPU.ActiveCfg = Release|Any CPU
		{B451A7A0-9438-49C7-B788-A8234F119ED1}.Release|Any CPU.Build.0 = Release|Any CPU
		{D63532A3-9EA9-4E39-BDB4-7B0CC95D60A9}.Debug|Any CPU.ActiveCfg = Debug|Any CPU
		{D63532A3-9EA9-4E39-BDB4-7B0CC95D60A9}.Debug|Any CPU.Build.0 = Debug|Any CPU
		{D63532A3-9EA9-4E39-BDB4-7B0CC95D60A9}.Release|Any CPU.ActiveCfg = Release|Any CPU
		{D63532A3-9EA9-4E39-BDB4-7B0CC95D60A9}.Release|Any CPU.Build.0 = Release|Any CPU
		{262B5843-2EF1-4BD3-B8A6-5F2B82F84BB6}.Debug|Any CPU.ActiveCfg = Debug|Any CPU
		{262B5843-2EF1-4BD3-B8A6-5F2B82F84BB6}.Debug|Any CPU.Build.0 = Debug|Any CPU
		{262B5843-2EF1-4BD3-B8A6-5F2B82F84BB6}.Release|Any CPU.ActiveCfg = Release|Any CPU
		{262B5843-2EF1-4BD3-B8A6-5F2B82F84BB6}.Release|Any CPU.Build.0 = Release|Any CPU
		{A166F95D-4FD9-4955-B26C-94D9D37640DB}.Debug|Any CPU.ActiveCfg = Debug|Any CPU
		{A166F95D-4FD9-4955-B26C-94D9D37640DB}.Debug|Any CPU.Build.0 = Debug|Any CPU
		{A166F95D-4FD9-4955-B26C-94D9D37640DB}.Release|Any CPU.ActiveCfg = Release|Any CPU
		{A166F95D-4FD9-4955-B26C-94D9D37640DB}.Release|Any CPU.Build.0 = Release|Any CPU
	EndGlobalSection
	GlobalSection(SolutionProperties) = preSolution
		HideSolutionNode = FALSE
	EndGlobalSection
	GlobalSection(ExtensibilityGlobals) = postSolution
		SolutionGuid = {859A17B6-6445-4733-81D7-B3A0609E728F}
	EndGlobalSection
EndGlobal
